{
  "name": "destiny-of-an-emperor-remake",
  "version": "0.1.0",
  "lockfileVersion": 3,
  "requires": true,
  "packages": {
    "": {
      "name": "destiny-of-an-emperor-remake",
      "version": "0.1.0",
      "dependencies": {
        "jsnes": "^2.1.0"
      }
    },
    "node_modules/jsnes": {
      "version": "2.1.0",
      "resolved": "https://registry.npmjs.org/jsnes/-/jsnes-2.1.0.tgz",
      "integrity": "sha512-LUa++E5Dfs1A6ZYB5HiSOR4JrUzrZEXGLZ5Imczhu9lkg7f+94SqnLZ/MXwGa7oc02+j/xYyHR0azGQ6LCU68g==",
      "license": "Apache-2.0"
    }
  }
}
